
Microsoft Visual Studio Solution File, Format Version 12.00
# Visual Studio 2013
VisualStudioVersion = 12.0.31101.0
MinimumVisualStudioVersion = 10.0.40219.1
Project("{FAE04EC0-301F-11D3-BF4B-00C04F79EFBC}") = "Problem1ExchangeIfGreater", "Problem1ExchangeIfGreater\Problem1ExchangeIfGreater.csproj", "{8AE6C778-9F42-4807-8146-95DB1D02FE1F}"
EndProject
Project("{FAE04EC0-301F-11D3-BF4B-00C04F79EFBC}") = "Problem2BonusScore", "Problem2BonusScore\Problem2BonusScore.csproj", "{BF11B037-A493-44FC-9320-D86B14B9EC8A}"
EndProject
Project("{FAE04EC0-301F-11D3-BF4B-00C04F79EFBC}") = "Problem3CheckforPlayCard", "Problem3CheckforPlayCard\Problem3CheckforPlayCard.csproj", "{6D8E6F3E-BF85-44DA-BAD4-233E8BDB9FB1}"
EndProject
Project("{FAE04EC0-301F-11D3-BF4B-00C04F79EFBC}") = "Problem4MultiplicationSign", "Problem4MultiplicationSign\Problem4MultiplicationSign.csproj", "{D9B0EF0F-ED66-484E-93A2-9E20649978A0}"
EndProject
Project("{FAE04EC0-301F-11D3-BF4B-00C04F79EFBC}") = "Problem5TheBiggestof3Numbers", "Problem5TheBiggestof3Numbers\Problem5TheBiggestof3Numbers.csproj", "{106064C8-A361-46DD-A0D5-99F8E865D0F2}"
EndProject
Project("{FAE04EC0-301F-11D3-BF4B-00C04F79EFBC}") = "Problem6TheBiggestofFiveNumbers", "Problem6TheBiggestofFiveNumbers\Problem6TheBiggestofFiveNumbers.csproj", "{E0737CDB-FCBB-4893-8D92-E4354DD4CB4D}"
EndProject
Project("{FAE04EC0-301F-11D3-BF4B-00C04F79EFBC}") = "Problem7Sort3NumbersWithNestedIfs", "Problem7Sort3NumbersWithNestedIfs\Problem7Sort3NumbersWithNestedIfs.csproj", "{48952327-AE31-4728-AC62-2F9A232C92FA}"
EndProject
Project("{FAE04EC0-301F-11D3-BF4B-00C04F79EFBC}") = "Problem8DigitAsWord", "Problem8DigitAsWord\Problem8DigitAsWord.csproj", "{BE0D5133-D1EB-4422-8B39-E766E74E48DB}"
EndProject
Project("{FAE04EC0-301F-11D3-BF4B-00C04F79EFBC}") = "Problem9PlayWithIntDoubleAndString", "Problem9PlayWithIntDoubleAndString\Problem9PlayWithIntDoubleAndString.csproj", "{0440FD73-2478-43C4-9FA8-8AB499AAFF06}"
EndProject
Project("{FAE04EC0-301F-11D3-BF4B-00C04F79EFBC}") = "Problem10BeerTime", "Problem10BeerTime\Problem10BeerTime.csproj", "{2C662E17-55D6-4788-9E33-6933F7591865}"
EndProject
Project("{FAE04EC0-301F-11D3-BF4B-00C04F79EFBC}") = "Problem11NumberAsWords", "Problem11NumberAsWords\Problem11NumberAsWords.csproj", "{D363205A-7615-4EF0-B3EE-93AEB5F2D886}"
EndProject
Project("{FAE04EC0-301F-11D3-BF4B-00C04F79EFBC}") = "Problem12ZeroSubset", "Problem12ZeroSubset\Problem12ZeroSubset.csproj", "{5DCF0912-9A36-4F72-8BF6-F0F6EC0DE728}"
EndProject
Global
	GlobalSection(SolutionConfigurationPlatforms) = preSolution
		Debug|Any CPU = Debug|Any CPU
		Debug|Mixed Platforms = Debug|Mixed Platforms
		Debug|x86 = Debug|x86
		Release|Any CPU = Release|Any CPU
		Release|Mixed Platforms = Release|Mixed Platforms
		Release|x86 = Release|x86
	EndGlobalSection
	GlobalSection(ProjectConfigurationPlatforms) = postSolution
		{8AE6C778-9F42-4807-8146-95DB1D02FE1F}.Debug|Any CPU.ActiveCfg = Debug|Any CPU
		{8AE6C778-9F42-4807-8146-95DB1D02FE1F}.Debug|Any CPU.Build.0 = Debug|Any CPU
		{8AE6C778-9F42-4807-8146-95DB1D02FE1F}.Debug|Mixed Platforms.ActiveCfg = Debug|Any CPU
		{8AE6C778-9F42-4807-8146-95DB1D02FE1F}.Debug|Mixed Platforms.Build.0 = Debug|Any CPU
		{8AE6C778-9F42-4807-8146-95DB1D02FE1F}.Debug|x86.ActiveCfg = Debug|Any CPU
		{8AE6C778-9F42-4807-8146-95DB1D02FE1F}.Release|Any CPU.ActiveCfg = Release|Any CPU
		{8AE6C778-9F42-4807-8146-95DB1D02FE1F}.Release|Any CPU.Build.0 = Release|Any CPU
		{8AE6C778-9F42-4807-8146-95DB1D02FE1F}.Release|Mixed Platforms.ActiveCfg = Release|Any CPU
		{8AE6C778-9F42-4807-8146-95DB1D02FE1F}.Release|Mixed Platforms.Build.0 = Release|Any CPU
		{8AE6C778-9F42-4807-8146-95DB1D02FE1F}.Release|x86.ActiveCfg = Release|Any CPU
		{BF11B037-A493-44FC-9320-D86B14B9EC8A}.Debug|Any CPU.ActiveCfg = Debug|Any CPU
		{BF11B037-A493-44FC-9320-D86B14B9EC8A}.Debug|Any CPU.Build.0 = Debug|Any CPU
		{BF11B037-A493-44FC-9320-D86B14B9EC8A}.Debug|Mixed Platforms.ActiveCfg = Debug|Any CPU
		{BF11B037-A493-44FC-9320-D86B14B9EC8A}.Debug|Mixed Platforms.Build.0 = Debug|Any CPU
		{BF11B037-A493-44FC-9320-D86B14B9EC8A}.Debug|x86.ActiveCfg = Debug|Any CPU
		{BF11B037-A493-44FC-9320-D86B14B9EC8A}.Release|Any CPU.ActiveCfg = Release|Any CPU
		{BF11B037-A493-44FC-9320-D86B14B9EC8A}.Release|Any CPU.Build.0 = Release|Any CPU
		{BF11B037-A493-44FC-9320-D86B14B9EC8A}.Release|Mixed Platforms.ActiveCfg = Release|Any CPU
		{BF11B037-A493-44FC-9320-D86B14B9EC8A}.Release|Mixed Platforms.Build.0 = Release|Any CPU
		{BF11B037-A493-44FC-9320-D86B14B9EC8A}.Release|x86.ActiveCfg = Release|Any CPU
		{6D8E6F3E-BF85-44DA-BAD4-233E8BDB9FB1}.Debug|Any CPU.ActiveCfg = Debug|Any CPU
		{6D8E6F3E-BF85-44DA-BAD4-233E8BDB9FB1}.Debug|Any CPU.Build.0 = Debug|Any CPU
		{6D8E6F3E-BF85-44DA-BAD4-233E8BDB9FB1}.Debug|Mixed Platforms.ActiveCfg = Debug|Any CPU
		{6D8E6F3E-BF85-44DA-BAD4-233E8BDB9FB1}.Debug|Mixed Platforms.Build.0 = Debug|Any CPU
		{6D8E6F3E-BF85-44DA-BAD4-233E8BDB9FB1}.Debug|x86.ActiveCfg = Debug|Any CPU
		{6D8E6F3E-BF85-44DA-BAD4-233E8BDB9FB1}.Release|Any CPU.ActiveCfg = Release|Any CPU
		{6D8E6F3E-BF85-44DA-BAD4-233E8BDB9FB1}.Release|Any CPU.Build.0 = Release|Any CPU
		{6D8E6F3E-BF85-44DA-BAD4-233E8BDB9FB1}.Release|Mixed Platforms.ActiveCfg = Release|Any CPU
		{6D8E6F3E-BF85-44DA-BAD4-233E8BDB9FB1}.Release|Mixed Platforms.Build.0 = Release|Any CPU
		{6D8E6F3E-BF85-44DA-BAD4-233E8BDB9FB1}.Release|x86.ActiveCfg = Release|Any CPU
		{D9B0EF0F-ED66-484E-93A2-9E20649978A0}.Debug|Any CPU.ActiveCfg = Debug|x86
		{D9B0EF0F-ED66-484E-93A2-9E20649978A0}.Debug|Mixed Platforms.ActiveCfg = Debug|x86
		{D9B0EF0F-ED66-484E-93A2-9E20649978A0}.Debug|Mixed Platforms.Build.0 = Debug|x86
		{D9B0EF0F-ED66-484E-93A2-9E20649978A0}.Debug|x86.ActiveCfg = Debug|x86
		{D9B0EF0F-ED66-484E-93A2-9E20649978A0}.Debug|x86.Build.0 = Debug|x86
		{D9B0EF0F-ED66-484E-93A2-9E20649978A0}.Release|Any CPU.ActiveCfg = Release|x86
		{D9B0EF0F-ED66-484E-93A2-9E20649978A0}.Release|Mixed Platforms.ActiveCfg = Release|x86
		{D9B0EF0F-ED66-484E-93A2-9E20649978A0}.Release|Mixed Platforms.Build.0 = Release|x86
		{D9B0EF0F-ED66-484E-93A2-9E20649978A0}.Release|x86.ActiveCfg = Release|x86
		{D9B0EF0F-ED66-484E-93A2-9E20649978A0}.Release|x86.Build.0 = Release|x86
		{106064C8-A361-46DD-A0D5-99F8E865D0F2}.Debug|Any CPU.ActiveCfg = Debug|x86
		{106064C8-A361-46DD-A0D5-99F8E865D0F2}.Debug|Mixed Platforms.ActiveCfg = Debug|x86
		{106064C8-A361-46DD-A0D5-99F8E865D0F2}.Debug|Mixed Platforms.Build.0 = Debug|x86
		{106064C8-A361-46DD-A0D5-99F8E865D0F2}.Debug|x86.ActiveCfg = Debug|x86
		{106064C8-A361-46DD-A0D5-99F8E865D0F2}.Debug|x86.Build.0 = Debug|x86
		{106064C8-A361-46DD-A0D5-99F8E865D0F2}.Release|Any CPU.ActiveCfg = Release|x86
		{106064C8-A361-46DD-A0D5-99F8E865D0F2}.Release|Mixed Platforms.ActiveCfg = Release|x86
		{106064C8-A361-46DD-A0D5-99F8E865D0F2}.Release|Mixed Platforms.Build.0 = Release|x86
		{106064C8-A361-46DD-A0D5-99F8E865D0F2}.Release|x86.ActiveCfg = Release|x86
		{106064C8-A361-46DD-A0D5-99F8E865D0F2}.Release|x86.Build.0 = Release|x86
		{E0737CDB-FCBB-4893-8D92-E4354DD4CB4D}.Debug|Any CPU.ActiveCfg = Debug|x86
		{E0737CDB-FCBB-4893-8D92-E4354DD4CB4D}.Debug|Mixed Platforms.ActiveCfg = Debug|x86
		{E0737CDB-FCBB-4893-8D92-E4354DD4CB4D}.Debug|Mixed Platforms.Build.0 = Debug|x86
		{E0737CDB-FCBB-4893-8D92-E4354DD4CB4D}.Debug|x86.ActiveCfg = Debug|x86
		{E0737CDB-FCBB-4893-8D92-E4354DD4CB4D}.Debug|x86.Build.0 = Debug|x86
		{E0737CDB-FCBB-4893-8D92-E4354DD4CB4D}.Release|Any CPU.ActiveCfg = Release|x86
		{E0737CDB-FCBB-4893-8D92-E4354DD4CB4D}.Release|Mixed Platforms.ActiveCfg = Release|x86
		{E0737CDB-FCBB-4893-8D92-E4354DD4CB4D}.Release|Mixed Platforms.Build.0 = Release|x86
		{E0737CDB-FCBB-4893-8D92-E4354DD4CB4D}.Release|x86.ActiveCfg = Release|x86
		{E0737CDB-FCBB-4893-8D92-E4354DD4CB4D}.Release|x86.Build.0 = Release|x86
		{48952327-AE31-4728-AC62-2F9A232C92FA}.Debug|Any CPU.ActiveCfg = Debug|x86
		{48952327-AE31-4728-AC62-2F9A232C92FA}.Debug|Mixed Platforms.ActiveCfg = Debug|x86
		{48952327-AE31-4728-AC62-2F9A232C92FA}.Debug|Mixed Platforms.Build.0 = Debug|x86
		{48952327-AE31-4728-AC62-2F9A232C92FA}.Debug|x86.ActiveCfg = Debug|x86
		{48952327-AE31-4728-AC62-2F9A232C92FA}.Debug|x86.Build.0 = Debug|x86
		{48952327-AE31-4728-AC62-2F9A232C92FA}.Release|Any CPU.ActiveCfg = Release|x86
		{48952327-AE31-4728-AC62-2F9A232C92FA}.Release|Mixed Platforms.ActiveCfg = Release|x86
		{48952327-AE31-4728-AC62-2F9A232C92FA}.Release|Mixed Platforms.Build.0 = Release|x86
		{48952327-AE31-4728-AC62-2F9A232C92FA}.Release|x86.ActiveCfg = Release|x86
		{48952327-AE31-4728-AC62-2F9A232C92FA}.Release|x86.Build.0 = Release|x86
		{BE0D5133-D1EB-4422-8B39-E766E74E48DB}.Debug|Any CPU.ActiveCfg = Debug|Any CPU
		{BE0D5133-D1EB-4422-8B39-E766E74E48DB}.Debug|Any CPU.Build.0 = Debug|Any CPU
		{BE0D5133-D1EB-4422-8B39-E766E74E48DB}.Debug|Mixed Platforms.ActiveCfg = Debug|Any CPU
		{BE0D5133-D1EB-4422-8B39-E766E74E48DB}.Debug|Mixed Platforms.Build.0 = Debug|Any CPU
		{BE0D5133-D1EB-4422-8B39-E766E74E48DB}.Debug|x86.ActiveCfg = Debug|Any CPU
		{BE0D5133-D1EB-4422-8B39-E766E74E48DB}.Release|Any CPU.ActiveCfg = Release|Any CPU
		{BE0D5133-D1EB-4422-8B39-E766E74E48DB}.Release|Any CPU.Build.0 = Release|Any CPU
		{BE0D5133-D1EB-4422-8B39-E766E74E48DB}.Release|Mixed Platforms.ActiveCfg = Release|Any CPU
		{BE0D5133-D1EB-4422-8B39-E766E74E48DB}.Release|Mixed Platforms.Build.0 = Release|Any CPU
		{BE0D5133-D1EB-4422-8B39-E766E74E48DB}.Release|x86.ActiveCfg = Release|Any CPU
		{0440FD73-2478-43C4-9FA8-8AB499AAFF06}.Debug|Any CPU.ActiveCfg = Debug|Any CPU
		{0440FD73-2478-43C4-9FA8-8AB499AAFF06}.Debug|Any CPU.Build.0 = Debug|Any CPU
		{0440FD73-2478-43C4-9FA8-8AB499AAFF06}.Debug|Mixed Platforms.ActiveCfg = Debug|Any CPU
		{0440FD73-2478-43C4-9FA8-8AB499AAFF06}.Debug|Mixed Platforms.Build.0 = Debug|Any CPU
		{0440FD73-2478-43C4-9FA8-8AB499AAFF06}.Debug|x86.ActiveCfg = Debug|Any CPU
		{0440FD73-2478-43C4-9FA8-8AB499AAFF06}.Release|Any CPU.ActiveCfg = Release|Any CPU
		{0440FD73-2478-43C4-9FA8-8AB499AAFF06}.Release|Any CPU.Build.0 = Release|Any CPU
		{0440FD73-2478-43C4-9FA8-8AB499AAFF06}.Release|Mixed Platforms.ActiveCfg = Release|Any CPU
		{0440FD73-2478-43C4-9FA8-8AB499AAFF06}.Release|Mixed Platforms.Build.0 = Release|Any CPU
		{0440FD73-2478-43C4-9FA8-8AB499AAFF06}.Release|x86.ActiveCfg = Release|Any CPU
		{2C662E17-55D6-4788-9E33-6933F7591865}.Debug|Any CPU.ActiveCfg = Debug|x86
		{2C662E17-55D6-4788-9E33-6933F7591865}.Debug|Mixed Platforms.ActiveCfg = Debug|x86
		{2C662E17-55D6-4788-9E33-6933F7591865}.Debug|Mixed Platforms.Build.0 = Debug|x86
		{2C662E17-55D6-4788-9E33-6933F7591865}.Debug|x86.ActiveCfg = Debug|x86
		{2C662E17-55D6-4788-9E33-6933F7591865}.Debug|x86.Build.0 = Debug|x86
		{2C662E17-55D6-4788-9E33-6933F7591865}.Release|Any CPU.ActiveCfg = Release|x86
		{2C662E17-55D6-4788-9E33-6933F7591865}.Release|Mixed Platforms.ActiveCfg = Release|x86
		{2C662E17-55D6-4788-9E33-6933F7591865}.Release|Mixed Platforms.Build.0 = Release|x86
		{2C662E17-55D6-4788-9E33-6933F7591865}.Release|x86.ActiveCfg = Release|x86
		{2C662E17-55D6-4788-9E33-6933F7591865}.Release|x86.Build.0 = Release|x86
		{D363205A-7615-4EF0-B3EE-93AEB5F2D886}.Debug|Any CPU.ActiveCfg = Debug|x86
		{D363205A-7615-4EF0-B3EE-93AEB5F2D886}.Debug|Mixed Platforms.ActiveCfg = Debug|x86
		{D363205A-7615-4EF0-B3EE-93AEB5F2D886}.Debug|Mixed Platforms.Build.0 = Debug|x86
		{D363205A-7615-4EF0-B3EE-93AEB5F2D886}.Debug|x86.ActiveCfg = Debug|x86
		{D363205A-7615-4EF0-B3EE-93AEB5F2D886}.Debug|x86.Build.0 = Debug|x86
		{D363205A-7615-4EF0-B3EE-93AEB5F2D886}.Release|Any CPU.ActiveCfg = Release|x86
		{D363205A-7615-4EF0-B3EE-93AEB5F2D886}.Release|Mixed Platforms.ActiveCfg = Release|x86
		{D363205A-7615-4EF0-B3EE-93AEB5F2D886}.Release|Mixed Platforms.Build.0 = Release|x86
		{D363205A-7615-4EF0-B3EE-93AEB5F2D886}.Release|x86.ActiveCfg = Release|x86
		{D363205A-7615-4EF0-B3EE-93AEB5F2D886}.Release|x86.Build.0 = Release|x86
		{5DCF0912-9A36-4F72-8BF6-F0F6EC0DE728}.Debug|Any CPU.ActiveCfg = Debug|Any CPU
		{5DCF0912-9A36-4F72-8BF6-F0F6EC0DE728}.Debug|Any CPU.Build.0 = Debug|Any CPU
		{5DCF0912-9A36-4F72-8BF6-F0F6EC0DE728}.Debug|Mixed Platforms.ActiveCfg = Debug|Any CPU
		{5DCF0912-9A36-4F72-8BF6-F0F6EC0DE728}.Debug|Mixed Platforms.Build.0 = Debug|Any CPU
		{5DCF0912-9A36-4F72-8BF6-F0F6EC0DE728}.Debug|x86.ActiveCfg = Debug|Any CPU
		{5DCF0912-9A36-4F72-8BF6-F0F6EC0DE728}.Release|Any CPU.ActiveCfg = Release|Any CPU
		{5DCF0912-9A36-4F72-8BF6-F0F6EC0DE728}.Release|Any CPU.Build.0 = Release|Any CPU
		{5DCF0912-9A36-4F72-8BF6-F0F6EC0DE728}.Release|Mixed Platforms.ActiveCfg = Release|Any CPU
		{5DCF0912-9A36-4F72-8BF6-F0F6EC0DE728}.Release|Mixed Platforms.Build.0 = Release|Any CPU
		{5DCF0912-9A36-4F72-8BF6-F0F6EC0DE728}.Release|x86.ActiveCfg = Release|Any CPU
	EndGlobalSection
	GlobalSection(SolutionProperties) = preSolution
		HideSolutionNode = FALSE
	EndGlobalSection
EndGlobal
